# This file is @generated by PDM.
# It is not intended for manual editing.

[[package]]
name = "attrs"
version = "23.1.0"
requires_python = ">=3.7"
summary = "Classes Without Boilerplate"

[[package]]
name = "automat"
version = "22.10.0"
summary = "Self-service finite-state machines for the programmer on the go."
dependencies = [
    "attrs>=19.2.0",
    "six",
]

[[package]]
name = "black"
version = "23.3.0"
requires_python = ">=3.7"
summary = "The uncompromising code formatter."
dependencies = [
    "click>=8.0.0",
    "mypy-extensions>=0.4.3",
    "packaging>=22.0",
    "pathspec>=0.9.0",
    "platformdirs>=2",
    "tomli>=1.1.0; python_version < \"3.11\"",
    "typing-extensions>=3.10.0.0; python_version < \"3.10\"",
]

[[package]]
name = "click"
version = "8.1.3"
requires_python = ">=3.7"
summary = "Composable command line interface toolkit"
dependencies = [
    "colorama; platform_system == \"Windows\"",
]

[[package]]
name = "colorama"
version = "0.4.6"
requires_python = "!=3.0.*,!=3.1.*,!=3.2.*,!=3.3.*,!=3.4.*,!=3.5.*,!=3.6.*,>=2.7"
summary = "Cross-platform colored terminal text."

[[package]]
name = "constantly"
version = "15.1.0"
summary = "Symbolic constants in Python"

[[package]]
name = "flake8"
version = "6.0.0"
requires_python = ">=3.8.1"
summary = "the modular source code checker: pep8 pyflakes and co"
dependencies = [
    "mccabe<0.8.0,>=0.7.0",
    "pycodestyle<2.11.0,>=2.10.0",
    "pyflakes<3.1.0,>=3.0.0",
]

[[package]]
name = "haversine"
version = "2.8.0"
requires_python = ">=3.5"
summary = "Calculate the distance between 2 points on Earth."

[[package]]
name = "hyperlink"
version = "21.0.0"
requires_python = ">=2.6, !=3.0.*, !=3.1.*, !=3.2.*, !=3.3.*"
summary = "A featureful, immutable, and correct URL for Python."
dependencies = [
    "idna>=2.5",
]

[[package]]
name = "idna"
version = "3.4"
requires_python = ">=3.5"
summary = "Internationalized Domain Names in Applications (IDNA)"

[[package]]
name = "incremental"
version = "22.10.0"
summary = "\"A small library that versions your Python projects.\""

[[package]]
name = "isort"
version = "5.12.0"
requires_python = ">=3.8.0"
summary = "A Python utility / library to sort Python imports."

[[package]]
name = "loguru"
version = "0.7.0"
requires_python = ">=3.5"
summary = "Python logging made (stupidly) simple"
dependencies = [
    "colorama>=0.3.4; sys_platform == \"win32\"",
    "win32-setctime>=1.0.0; sys_platform == \"win32\"",
]

[[package]]
name = "mccabe"
version = "0.7.0"
requires_python = ">=3.6"
summary = "McCabe checker, plugin for flake8"

[[package]]
name = "metar"
version = "1.10.0"
summary = "Metar - a package to parse METAR-coded weather reports"

[[package]]
name = "mypy"
version = "1.0.1"
requires_python = ">=3.7"
summary = "Optional static typing for Python"
dependencies = [
    "mypy-extensions>=0.4.3",
    "tomli>=1.1.0; python_version < \"3.11\"",
    "typing-extensions>=3.10",
]

[[package]]
name = "mypy-extensions"
version = "1.0.0"
requires_python = ">=3.5"
summary = "Type system extensions for programs checked with the mypy type checker."

[[package]]
name = "mypy-zope"
version = "0.9.1"
summary = "Plugin for mypy to support zope interfaces"
dependencies = [
    "mypy<1.1.0,>=1.0.0",
    "zope-interface",
    "zope-schema",
]

[[package]]
name = "packaging"
version = "23.1"
requires_python = ">=3.7"
summary = "Core utilities for Python packages"

[[package]]
name = "pathspec"
version = "0.11.1"
requires_python = ">=3.7"
summary = "Utility library for gitignore style pattern matching of file paths."

[[package]]
name = "platformdirs"
version = "3.5.1"
requires_python = ">=3.7"
summary = "A small Python package for determining appropriate platform-specific dirs, e.g. a \"user data dir\"."

[[package]]
name = "pycodestyle"
version = "2.10.0"
requires_python = ">=3.6"
summary = "Python style guide checker"

[[package]]
name = "pyflakes"
version = "3.0.1"
requires_python = ">=3.6"
summary = "passive checker of Python programs"

[[package]]
name = "setuptools"
version = "67.8.0"
requires_python = ">=3.7"
summary = "Easily download, build, install, upgrade, and uninstall Python packages"

[[package]]
name = "six"
version = "1.16.0"
requires_python = ">=2.7, !=3.0.*, !=3.1.*, !=3.2.*"
summary = "Python 2 and 3 compatibility utilities"

[[package]]
name = "tomli"
version = "2.0.1"
requires_python = ">=3.7"
summary = "A lil' TOML parser"

[[package]]
name = "twisted"
version = "22.10.0"
requires_python = ">=3.7.1"
summary = "An asynchronous networking framework written in Python"
dependencies = [
    "Automat>=0.8.0",
    "attrs>=19.2.0",
    "constantly>=15.1",
    "hyperlink>=17.1.1",
    "incremental>=21.3.0",
    "twisted-iocpsupport<2,>=1.0.2; platform_system == \"Windows\"",
    "typing-extensions>=3.6.5",
    "zope-interface>=4.4.2",
]

[[package]]
name = "twisted-iocpsupport"
version = "1.0.3"
summary = "An extension for use in the twisted I/O Completion Ports reactor."

[[package]]
name = "typing-extensions"
version = "4.5.0"
requires_python = ">=3.7"
summary = "Backported and Experimental Type Hints for Python 3.7+"

[[package]]
name = "win32-setctime"
version = "1.1.0"
requires_python = ">=3.5"
summary = "A small Python utility to set file creation time on Windows"

[[package]]
name = "zope-event"
version = "4.6"
summary = "Very basic event publishing system"
dependencies = [
    "setuptools",
]

[[package]]
name = "zope-interface"
version = "6.0"
requires_python = ">=3.7"
summary = "Interfaces for Python"
dependencies = [
    "setuptools",
]

[[package]]
name = "zope-schema"
version = "7.0.1"
requires_python = ">=3.7"
summary = "zope.interface extension for defining data schemas"
dependencies = [
    "setuptools",
    "zope-event",
    "zope-interface>=5.0.0",
]

[metadata]
lock_version = "4.2"
cross_platform = true
groups = ["default", "dev"]
content_hash = "sha256:0a17cf655d4ff0920e3841ab9e39d970b27b93d87e5288b2dc47aa7518b0e8ba"

[metadata.files]
"attrs 23.1.0" = [
    {url = "https://files.pythonhosted.org/packages/97/90/81f95d5f705be17872843536b1868f351805acf6971251ff07c1b8334dbb/attrs-23.1.0.tar.gz", hash = "sha256:6279836d581513a26f1bf235f9acd333bc9115683f14f7e8fae46c98fc50e015"},
    {url = "https://files.pythonhosted.org/packages/f0/eb/fcb708c7bf5056045e9e98f62b93bd7467eb718b0202e7698eb11d66416c/attrs-23.1.0-py3-none-any.whl", hash = "sha256:1f28b4522cdc2fb4256ac1a020c78acf9cba2c6b461ccd2c126f3aa8e8335d04"},
]
"automat 22.10.0" = [
    {url = "https://files.pythonhosted.org/packages/29/90/64aabce6c1b820395452cc5472b8f11cd98320f40941795b8069aef4e0e0/Automat-22.10.0-py2.py3-none-any.whl", hash = "sha256:c3164f8742b9dc440f3682482d32aaff7bb53f71740dd018533f9de286b64180"},
    {url = "https://files.pythonhosted.org/packages/7a/7b/9c3d26d8a0416eefbc0428f168241b32657ca260fb7ef507596ff5c2f6c4/Automat-22.10.0.tar.gz", hash = "sha256:e56beb84edad19dcc11d30e8d9b895f75deeb5ef5e96b84a467066b3b84bb04e"},
]
"black 23.3.0" = [
    {url = "https://files.pythonhosted.org/packages/06/1e/273d610249f0335afb1ddb03664a03223f4826e3d1a95170a0142cb19fb4/black-23.3.0-cp39-cp39-win_amd64.whl", hash = "sha256:6b39abdfb402002b8a7d030ccc85cf5afff64ee90fa4c5aebc531e3ad0175ddb"},
    {url = "https://files.pythonhosted.org/packages/12/4b/99c71d1cf1353edd5aff2700b8960f92e9b805c9dab72639b67dbb449d3a/black-23.3.0-cp38-cp38-manylinux_2_17_x86_64.manylinux2014_x86_64.whl", hash = "sha256:562bd3a70495facf56814293149e51aa1be9931567474993c7942ff7d3533961"},
    {url = "https://files.pythonhosted.org/packages/13/0a/ed8b66c299e896780e4528eed4018f5b084da3b9ba4ee48328550567d866/black-23.3.0-cp38-cp38-macosx_10_16_x86_64.whl", hash = "sha256:064101748afa12ad2291c2b91c960be28b817c0c7eaa35bec09cc63aa56493c5"},
    {url = "https://files.pythonhosted.org/packages/13/25/cfa06788d0a936f2445af88f13604b5bcd5c9d050db618c718e6ebe66f74/black-23.3.0-cp39-cp39-macosx_10_16_arm64.whl", hash = "sha256:3238f2aacf827d18d26db07524e44741233ae09a584273aa059066d644ca7b30"},
    {url = "https://files.pythonhosted.org/packages/21/14/d5a2bec5fb15f9118baab7123d344646fac0b1c6939d51c2b05259cd2d9c/black-23.3.0-cp38-cp38-macosx_10_16_universal2.whl", hash = "sha256:714290490c18fb0126baa0fca0a54ee795f7502b44177e1ce7624ba1c00f2331"},
    {url = "https://files.pythonhosted.org/packages/24/eb/2d2d2c27cb64cfd073896f62a952a802cd83cf943a692a2f278525b57ca9/black-23.3.0-cp37-cp37m-macosx_10_16_x86_64.whl", hash = "sha256:1d06691f1eb8de91cd1b322f21e3bfc9efe0c7ca1f0e1eb1db44ea367dff656b"},
    {url = "https://files.pythonhosted.org/packages/27/70/07aab2623cfd3789786f17e051487a41d5657258c7b1ef8f780512ffea9c/black-23.3.0-cp310-cp310-macosx_10_16_universal2.whl", hash = "sha256:67de8d0c209eb5b330cce2469503de11bca4085880d62f1628bd9972cc3366b9"},
    {url = "https://files.pythonhosted.org/packages/29/b1/b584fc863c155653963039664a592b3327b002405043b7e761b9b0212337/black-23.3.0-cp310-cp310-macosx_10_16_x86_64.whl", hash = "sha256:7c3eb7cea23904399866c55826b31c1f55bbcd3890ce22ff70466b907b6775c2"},
    {url = "https://files.pythonhosted.org/packages/3c/d7/85f3d79f9e543402de2244c4d117793f262149e404ea0168841613c33e07/black-23.3.0-cp39-cp39-manylinux_2_17_x86_64.manylinux2014_x86_64.whl", hash = "sha256:3a150542a204124ed00683f0db1f5cf1c2aaaa9cc3495b7a3b5976fb136090ab"},
    {url = "https://files.pythonhosted.org/packages/3f/0d/81dd4194ce7057c199d4f28e4c2a885082d9d929e7a55c514b23784f7787/black-23.3.0-cp311-cp311-win_amd64.whl", hash = "sha256:11c410f71b876f961d1de77b9699ad19f939094c3a677323f43d7a29855fe326"},
    {url = "https://files.pythonhosted.org/packages/49/36/15d2122f90ff1cd70f06892ebda777b650218cf84b56b5916a993dc1359a/black-23.3.0-cp37-cp37m-manylinux_2_17_x86_64.manylinux2014_x86_64.whl", hash = "sha256:50cb33cac881766a5cd9913e10ff75b1e8eb71babf4c7104f2e9c52da1fb7de2"},
    {url = "https://files.pythonhosted.org/packages/49/d7/f3b7da6c772800f5375aeb050a3dcf682f0bbeb41d313c9c2820d0156e4e/black-23.3.0-cp39-cp39-macosx_10_16_x86_64.whl", hash = "sha256:92c543f6854c28a3c7f39f4d9b7694f9a6eb9d3c5e2ece488c327b6e7ea9b266"},
    {url = "https://files.pythonhosted.org/packages/69/49/7e1f0cf585b0d607aad3f971f95982cc4208fc77f92363d632d23021ee57/black-23.3.0-cp311-cp311-macosx_10_16_x86_64.whl", hash = "sha256:a6f6886c9869d4daae2d1715ce34a19bbc4b95006d20ed785ca00fa03cba312d"},
    {url = "https://files.pythonhosted.org/packages/6d/b4/0f13ab7f5e364795ff82b76b0f9a4c9c50afda6f1e2feeb8b03fdd7ec57d/black-23.3.0-cp310-cp310-manylinux_2_17_x86_64.manylinux2014_x86_64.whl", hash = "sha256:32daa9783106c28815d05b724238e30718f34155653d4d6e125dc7daec8e260c"},
    {url = "https://files.pythonhosted.org/packages/ad/e7/4642b7f462381799393fbad894ba4b32db00870a797f0616c197b07129a9/black-23.3.0-py3-none-any.whl", hash = "sha256:ec751418022185b0c1bb7d7736e6933d40bbb14c14a0abcf9123d1b159f98dd4"},
    {url = "https://files.pythonhosted.org/packages/c0/53/42e312c17cfda5c8fc4b6b396a508218807a3fcbb963b318e49d3ddd11d5/black-23.3.0-cp311-cp311-manylinux_2_17_x86_64.manylinux2014_x86_64.whl", hash = "sha256:6f3c333ea1dd6771b2d3777482429864f8e258899f6ff05826c3a4fcc5ce3f70"},
    {url = "https://files.pythonhosted.org/packages/ca/44/eb41edd3f558a6139f09eee052dead4a7a464e563b822ddf236f5a8ee286/black-23.3.0-cp37-cp37m-win_amd64.whl", hash = "sha256:e114420bf26b90d4b9daa597351337762b63039752bdf72bf361364c1aa05925"},
    {url = "https://files.pythonhosted.org/packages/ce/f4/2b0c6ac9e1f8584296747f66dd511898b4ebd51d6510dba118279bff53b6/black-23.3.0-cp38-cp38-macosx_10_16_arm64.whl", hash = "sha256:48f9d345675bb7fbc3dd85821b12487e1b9a75242028adad0333ce36ed2a6d27"},
    {url = "https://files.pythonhosted.org/packages/d1/6e/5810b6992ed70403124c67e8b3f62858a32b35405177553f1a78ed6b6e31/black-23.3.0-cp38-cp38-win_amd64.whl", hash = "sha256:e198cf27888ad6f4ff331ca1c48ffc038848ea9f031a3b40ba36aced7e22f2c8"},
    {url = "https://files.pythonhosted.org/packages/d6/36/66370f5017b100225ec4950a60caeef60201a10080da57ddb24124453fba/black-23.3.0.tar.gz", hash = "sha256:1c7b8d606e728a41ea1ccbd7264677e494e87cf630e399262ced92d4a8dac940"},
    {url = "https://files.pythonhosted.org/packages/d7/6f/d3832960a3b646b333b7f0d80d336a3c123012e9d9d5dba4a622b2b6181d/black-23.3.0-cp311-cp311-macosx_10_16_arm64.whl", hash = "sha256:a8a968125d0a6a404842fa1bf0b349a568634f856aa08ffaff40ae0dfa52e7c6"},
    {url = "https://files.pythonhosted.org/packages/db/f4/7908f71cc71da08df1317a3619f002cbf91927fb5d3ffc7723905a2113f7/black-23.3.0-cp310-cp310-macosx_10_16_arm64.whl", hash = "sha256:0945e13506be58bf7db93ee5853243eb368ace1c08a24c65ce108986eac65915"},
    {url = "https://files.pythonhosted.org/packages/de/b4/76f152c5eb0be5471c22cd18380d31d188930377a1a57969073b89d6615d/black-23.3.0-cp310-cp310-win_amd64.whl", hash = "sha256:35d1381d7a22cc5b2be2f72c7dfdae4072a3336060635718cc7e1ede24221d6c"},
    {url = "https://files.pythonhosted.org/packages/eb/a5/17b40bfd9b607b69fa726b0b3a473d14b093dcd5191ea1a1dd664eccfee3/black-23.3.0-cp311-cp311-macosx_10_16_universal2.whl", hash = "sha256:c7ab5790333c448903c4b721b59c0d80b11fe5e9803d8703e84dcb8da56fec1b"},
    {url = "https://files.pythonhosted.org/packages/fd/5b/fc2d7922c1a6bb49458d424b5be71d251f2d0dc97be9534e35d171bdc653/black-23.3.0-cp39-cp39-macosx_10_16_universal2.whl", hash = "sha256:f0bd2f4a58d6666500542b26354978218a9babcdc972722f4bf90779524515f3"},
]
"click 8.1.3" = [
    {url = "https://files.pythonhosted.org/packages/59/87/84326af34517fca8c58418d148f2403df25303e02736832403587318e9e8/click-8.1.3.tar.gz", hash = "sha256:7682dc8afb30297001674575ea00d1814d808d6a36af415a82bd481d37ba7b8e"},
    {url = "https://files.pythonhosted.org/packages/c2/f1/df59e28c642d583f7dacffb1e0965d0e00b218e0186d7858ac5233dce840/click-8.1.3-py3-none-any.whl", hash = "sha256:bb4d8133cb15a609f44e8213d9b391b0809795062913b383c62be0ee95b1db48"},
]
"colorama 0.4.6" = [
    {url = "https://files.pythonhosted.org/packages/d1/d6/3965ed04c63042e047cb6a3e6ed1a63a35087b6a609aa3a15ed8ac56c221/colorama-0.4.6-py2.py3-none-any.whl", hash = "sha256:4f1d9991f5acc0ca119f9d443620b77f9d6b33703e51011c16baf57afb285fc6"},
    {url = "https://files.pythonhosted.org/packages/d8/53/6f443c9a4a8358a93a6792e2acffb9d9d5cb0a5cfd8802644b7b1c9a02e4/colorama-0.4.6.tar.gz", hash = "sha256:08695f5cb7ed6e0531a20572697297273c47b8cae5a63ffc6d6ed5c201be6e44"},
]
"constantly 15.1.0" = [
    {url = "https://files.pythonhosted.org/packages/95/f1/207a0a478c4bb34b1b49d5915e2db574cadc415c9ac3a7ef17e29b2e8951/constantly-15.1.0.tar.gz", hash = "sha256:586372eb92059873e29eba4f9dec8381541b4d3834660707faf8ba59146dfc35"},
    {url = "https://files.pythonhosted.org/packages/b9/65/48c1909d0c0aeae6c10213340ce682db01b48ea900a7d9fce7a7910ff318/constantly-15.1.0-py2.py3-none-any.whl", hash = "sha256:dd2fa9d6b1a51a83f0d7dd76293d734046aa176e384bf6e33b7e44880eb37c5d"},
]
"flake8 6.0.0" = [
    {url = "https://files.pythonhosted.org/packages/66/53/3ad4a3b74d609b3b9008a10075c40e7c8909eae60af53623c3888f7a529a/flake8-6.0.0.tar.gz", hash = "sha256:c61007e76655af75e6785a931f452915b371dc48f56efd765247c8fe68f2b181"},
    {url = "https://files.pythonhosted.org/packages/d9/6a/bb0122ebe280476c924470779d2595f1403878cafe3c8a343ac56a5a9c0e/flake8-6.0.0-py2.py3-none-any.whl", hash = "sha256:3833794e27ff64ea4e9cf5d410082a8b97ff1a06c16aa3d2027339cd0f1195c7"},
]
"haversine 2.8.0" = [
    {url = "https://files.pythonhosted.org/packages/b9/6b/0a774af6a2eea772aa99e5fbc7af7711eba02ff0dee3e71838c1b5926ef5/haversine-2.8.0.tar.gz", hash = "sha256:cca39afd2ae5f1e6ed9231b332395bb8afb2e0a64edf70c238c176492e60c150"},
    {url = "https://files.pythonhosted.org/packages/d7/e0/07dd3462f1dee6d486042366d9256592a3f988bb9de92cc7c54e21749ca2/haversine-2.8.0-py2.py3-none-any.whl", hash = "sha256:524529d6c39619a513629b68331ce8153ccfc7c30049ed43405c27b12614e8f6"},
]
"hyperlink 21.0.0" = [
    {url = "https://files.pythonhosted.org/packages/3a/51/1947bd81d75af87e3bb9e34593a4cf118115a8feb451ce7a69044ef1412e/hyperlink-21.0.0.tar.gz", hash = "sha256:427af957daa58bc909471c6c40f74c5450fa123dd093fc53efd2e91d2705a56b"},
    {url = "https://files.pythonhosted.org/packages/6e/aa/8caf6a0a3e62863cbb9dab27135660acba46903b703e224f14f447e57934/hyperlink-21.0.0-py2.py3-none-any.whl", hash = "sha256:e6b14c37ecb73e89c77d78cdb4c2cc8f3fb59a885c5b3f819ff4ed80f25af1b4"},
]
"idna 3.4" = [
    {url = "https://files.pythonhosted.org/packages/8b/e1/43beb3d38dba6cb420cefa297822eac205a277ab43e5ba5d5c46faf96438/idna-3.4.tar.gz", hash = "sha256:814f528e8dead7d329833b91c5faa87d60bf71824cd12a7530b5526063d02cb4"},
    {url = "https://files.pythonhosted.org/packages/fc/34/3030de6f1370931b9dbb4dad48f6ab1015ab1d32447850b9fc94e60097be/idna-3.4-py3-none-any.whl", hash = "sha256:90b77e79eaa3eba6de819a0c442c0b4ceefc341a7a2ab77d7562bf49f425c5c2"},
]
"incremental 22.10.0" = [
    {url = "https://files.pythonhosted.org/packages/77/51/8073577012492fcd15628e811db585f447c500fa407e944ab3a18ec55fb7/incremental-22.10.0-py2.py3-none-any.whl", hash = "sha256:b864a1f30885ee72c5ac2835a761b8fe8aa9c28b9395cacf27286602688d3e51"},
    {url = "https://files.pythonhosted.org/packages/86/42/9e87f04fa2cd40e3016f27a4b4572290e95899c6dce317e2cdb580f3ff09/incremental-22.10.0.tar.gz", hash = "sha256:912feeb5e0f7e0188e6f42241d2f450002e11bbc0937c65865045854c24c0bd0"},
]
"isort 5.12.0" = [
    {url = "https://files.pythonhosted.org/packages/0a/63/4036ae70eea279c63e2304b91ee0ac182f467f24f86394ecfe726092340b/isort-5.12.0-py3-none-any.whl", hash = "sha256:f84c2818376e66cf843d497486ea8fed8700b340f308f076c6fb1229dff318b6"},
    {url = "https://files.pythonhosted.org/packages/a9/c4/dc00e42c158fc4dda2afebe57d2e948805c06d5169007f1724f0683010a9/isort-5.12.0.tar.gz", hash = "sha256:8bef7dde241278824a6d83f44a544709b065191b95b6e50894bdc722fcba0504"},
]
"loguru 0.7.0" = [
    {url = "https://files.pythonhosted.org/packages/0c/1d/697cbb4ae54217784c1c4805696efb2fd7a1cbbe4827264a80a49e52b828/loguru-0.7.0.tar.gz", hash = "sha256:1612053ced6ae84d7959dd7d5e431a0532642237ec21f7fd83ac73fe539e03e1"},
    {url = "https://files.pythonhosted.org/packages/71/bd/337f7a0cd2628c4c77512d78e26f93b13c327a2ddf2132001dd78c000bf4/loguru-0.7.0-py3-none-any.whl", hash = "sha256:b93aa30099fa6860d4727f1b81f8718e965bb96253fa190fab2077aaad6d15d3"},
]
"mccabe 0.7.0" = [
    {url = "https://files.pythonhosted.org/packages/27/1a/1f68f9ba0c207934b35b86a8ca3aad8395a3d6dd7921c0686e23853ff5a9/mccabe-0.7.0-py2.py3-none-any.whl", hash = "sha256:6c2d30ab6be0e4a46919781807b4f0d834ebdd6c6e3dca0bda5a15f863427b6e"},
    {url = "https://files.pythonhosted.org/packages/e7/ff/0ffefdcac38932a54d2b5eed4e0ba8a408f215002cd178ad1df0f2806ff8/mccabe-0.7.0.tar.gz", hash = "sha256:348e0240c33b60bbdf4e523192ef919f28cb2c3d7d5c7794f74009290f236325"},
]
"metar 1.10.0" = [
    {url = "https://files.pythonhosted.org/packages/80/b6/696fd335021dd0d5fda7827210db16aac3418c2cf0eed4002d33b7322c58/metar-1.10.0-py3-none-any.whl", hash = "sha256:11654d506646742af7ab6de79b6438e10d3f80eda3342c2dd3a123661effe224"},
    {url = "https://files.pythonhosted.org/packages/8a/6f/1e10a3fa3d66ccf3bedb22d10f6e80c70a4c7193b13a9b91331d4641a4a8/metar-1.10.0.tar.gz", hash = "sha256:3c43f65fc86b52fb592e0e5ed8034636eabc9f9a1c6930a2de406aab6ba96f0e"},
]
"mypy 1.0.1" = [
    {url = "https://files.pythonhosted.org/packages/0b/57/a81b17ef5cdc120f58d85ae36c01c8e2ad8e0aa5e7bf8d9f05f328f88fe7/mypy-1.0.1-cp310-cp310-macosx_10_9_x86_64.whl", hash = "sha256:71a808334d3f41ef011faa5a5cd8153606df5fc0b56de5b2e89566c8093a0c9a"},
    {url = "https://files.pythonhosted.org/packages/22/60/96c09a87708e0ce8278a72b9275fb518d12a61f5b7b207220f4a96105a4a/mypy-1.0.1-cp39-cp39-manylinux_2_17_x86_64.manylinux2014_x86_64.whl", hash = "sha256:5f546ac34093c6ce33f6278f7c88f0f147a4849386d3bf3ae193702f4fe31407"},
    {url = "https://files.pythonhosted.org/packages/27/2b/ebc13ecd6389ed1401f86f46bbb45737d68a08b28b2858ae66e865e2f784/mypy-1.0.1-cp311-cp311-macosx_11_0_arm64.whl", hash = "sha256:48525aec92b47baed9b3380371ab8ab6e63a5aab317347dfe9e55e02aaad22e8"},
    {url = "https://files.pythonhosted.org/packages/2f/61/e4c6c5ae462b0166b3b5f775e6a18f491aeb1d2fa8e062f226489f4479e1/mypy-1.0.1-cp39-cp39-macosx_10_9_x86_64.whl", hash = "sha256:24189f23dc66f83b839bd1cce2dfc356020dfc9a8bae03978477b15be61b062e"},
    {url = "https://files.pythonhosted.org/packages/30/1b/49a1cd7d9d917d3d8f324f5f3b670a75013840ba11e2da2414ad740f926a/mypy-1.0.1-cp38-cp38-manylinux_2_17_x86_64.manylinux2014_x86_64.whl", hash = "sha256:e831662208055b006eef68392a768ff83596035ffd6d846786578ba1714ba8f6"},
    {url = "https://files.pythonhosted.org/packages/38/8f/229d66559647bc718bddabfbd38e23e743821578cba10484da61794c1890/mypy-1.0.1-cp37-cp37m-musllinux_1_1_x86_64.whl", hash = "sha256:dbeb24514c4acbc78d205f85dd0e800f34062efcc1f4a4857c57e4b4b8712bff"},
    {url = "https://files.pythonhosted.org/packages/3b/33/ec5f800a4424e6591b3c32b04211e6bb2a5be6741231dc8751e3d30b9d82/mypy-1.0.1-cp310-cp310-win_amd64.whl", hash = "sha256:5deb252fd42a77add936b463033a59b8e48eb2eaec2976d76b6878d031933fe4"},
    {url = "https://files.pythonhosted.org/packages/3d/a5/c990246ef064250df59e257b79cdc3c98a8b48ab1d5b290f3d30cf5a96cb/mypy-1.0.1-cp39-cp39-musllinux_1_1_x86_64.whl", hash = "sha256:c6c2ccb7af7154673c591189c3687b013122c5a891bb5651eca3db8e6c6c55bd"},
    {url = "https://files.pythonhosted.org/packages/4f/01/fbf84b7785916a75c80ccffd70b708600376b606af3bab4993f7da2208af/mypy-1.0.1-cp311-cp311-manylinux_2_17_x86_64.manylinux2014_x86_64.whl", hash = "sha256:c96b8a0c019fe29040d520d9257d8c8f122a7343a8307bf8d6d4a43f5c5bfcc8"},
    {url = "https://files.pythonhosted.org/packages/52/56/afddb0a1654cf7f192419fbd9e46e01bceb11b1a6778a9d4257387f71dd8/mypy-1.0.1.tar.gz", hash = "sha256:28cea5a6392bb43d266782983b5a4216c25544cd7d80be681a155ddcdafd152d"},
    {url = "https://files.pythonhosted.org/packages/5b/a8/7ff8cd4125298a4677f30fefe00170eae41e540fa5d2bd48ef8dd18ab73d/mypy-1.0.1-cp38-cp38-macosx_11_0_arm64.whl", hash = "sha256:17455cda53eeee0a4adb6371a21dd3dbf465897de82843751cf822605d152c8c"},
    {url = "https://files.pythonhosted.org/packages/61/ff/b5ddba6cd41f18ac060a787bbebac7ff2165dec051739b9a0d9b3e17fe23/mypy-1.0.1-cp38-cp38-macosx_10_9_x86_64.whl", hash = "sha256:5bc8d6bd3b274dd3846597855d96d38d947aedba18776aa998a8d46fabdaed76"},
    {url = "https://files.pythonhosted.org/packages/65/be/db0af4d11c1043afdf07f2564290c07fea2c32899ecb34a101a745551ff2/mypy-1.0.1-cp37-cp37m-win_amd64.whl", hash = "sha256:a2948c40a7dd46c1c33765718936669dc1f628f134013b02ff5ac6c7ef6942bf"},
    {url = "https://files.pythonhosted.org/packages/66/7b/d4af6e5d6532c4b5354927c2eefa48da04ab82f34f685e736954f4f9948f/mypy-1.0.1-cp39-cp39-macosx_11_0_arm64.whl", hash = "sha256:93a85495fb13dc484251b4c1fd7a5ac370cd0d812bbfc3b39c1bafefe95275d5"},
    {url = "https://files.pythonhosted.org/packages/6d/d5/65656a6b35e1b814274262b8d67d02538320a8c1242fc3897c4156cf3361/mypy-1.0.1-cp37-cp37m-macosx_10_9_x86_64.whl", hash = "sha256:e64f48c6176e243ad015e995de05af7f22bbe370dbb5b32bd6988438ec873919"},
    {url = "https://files.pythonhosted.org/packages/7e/5a/ee6bc11f9b95cd4c7c058857e82ebcf8357b1aeb7e7a501d0af98f1bbc18/mypy-1.0.1-cp39-cp39-win_amd64.whl", hash = "sha256:15b5a824b58c7c822c51bc66308e759243c32631896743f030daf449fe3677f3"},
    {url = "https://files.pythonhosted.org/packages/83/cb/96b54fea903ec17dcd93dca935cb0dcdcaae396e9bcaff69b2adbabf8494/mypy-1.0.1-cp38-cp38-musllinux_1_1_x86_64.whl", hash = "sha256:e60d0b09f62ae97a94605c3f73fd952395286cf3e3b9e7b97f60b01ddfbbda88"},
    {url = "https://files.pythonhosted.org/packages/88/aa/94e45af5f45418eb4038d0264ac085c7426ea80b329f93df5e5b7485a0b5/mypy-1.0.1-cp310-cp310-manylinux_2_17_x86_64.manylinux2014_x86_64.whl", hash = "sha256:27a0f74a298769d9fdc8498fcb4f2beb86f0564bcdb1a37b58cbbe78e55cf8c0"},
    {url = "https://files.pythonhosted.org/packages/9c/c5/0c287ccb5a70b4fb37f3d3025dd6a0d12616bb041c76068c813c33933c00/mypy-1.0.1-cp311-cp311-musllinux_1_1_x86_64.whl", hash = "sha256:448de661536d270ce04f2d7dddaa49b2fdba6e3bd8a83212164d4174ff43aa65"},
    {url = "https://files.pythonhosted.org/packages/a0/05/1f956a8414970ad58b4e32a7d4ff19119b588728366dc628f2aca7868210/mypy-1.0.1-cp37-cp37m-manylinux_2_17_x86_64.manylinux2014_x86_64.whl", hash = "sha256:5fdd63e4f50e3538617887e9aee91855368d9fc1dea30da743837b0df7373bc4"},
    {url = "https://files.pythonhosted.org/packages/a0/cd/24ba78b3f3ea0daeb589e92692938bf7c098e3f21d6f495fbdef901bc40e/mypy-1.0.1-cp38-cp38-win_amd64.whl", hash = "sha256:0af4f0e20706aadf4e6f8f8dc5ab739089146b83fd53cb4a7e0e850ef3de0bb6"},
    {url = "https://files.pythonhosted.org/packages/a8/1c/b53620475d58a366d793c6b82e8d615ab38cd256937759949c905891da18/mypy-1.0.1-cp311-cp311-macosx_10_9_x86_64.whl", hash = "sha256:2013226d17f20468f34feddd6aae4635a55f79626549099354ce641bc7d40262"},
    {url = "https://files.pythonhosted.org/packages/b1/06/e851fb58910b71cca74eec7fe41d6812a17893eaefd9c35ddcaadbccd177/mypy-1.0.1-cp310-cp310-macosx_11_0_arm64.whl", hash = "sha256:920169f0184215eef19294fa86ea49ffd4635dedfdea2b57e45cb4ee85d5ccaf"},
    {url = "https://files.pythonhosted.org/packages/b1/c9/610cb9d81221b54596ad2d16fa873ea425227043b5b22ab09a0b27486af2/mypy-1.0.1-cp311-cp311-win_amd64.whl", hash = "sha256:d42a98e76070a365a1d1c220fcac8aa4ada12ae0db679cb4d910fabefc88b994"},
    {url = "https://files.pythonhosted.org/packages/d1/95/fa68816abbbc48f0ef213490cc4445e30365831576fb9427fd99fa771e6e/mypy-1.0.1-py3-none-any.whl", hash = "sha256:eda5c8b9949ed411ff752b9a01adda31afe7eae1e53e946dbdf9db23865e66c4"},
    {url = "https://files.pythonhosted.org/packages/ea/5b/39221b3e2eb104529867617a993a842e39aa240b43bc39f3a48302915f5f/mypy-1.0.1-cp310-cp310-musllinux_1_1_x86_64.whl", hash = "sha256:65b122a993d9c81ea0bfde7689b3365318a88bde952e4dfa1b3a8b4ac05d168b"},
]
"mypy-extensions 1.0.0" = [
    {url = "https://files.pythonhosted.org/packages/2a/e2/5d3f6ada4297caebe1a2add3b126fe800c96f56dbe5d1988a2cbe0b267aa/mypy_extensions-1.0.0-py3-none-any.whl", hash = "sha256:4392f6c0eb8a5668a69e23d168ffa70f0be9ccfd32b5cc2d26a34ae5b844552d"},
    {url = "https://files.pythonhosted.org/packages/98/a4/1ab47638b92648243faf97a5aeb6ea83059cc3624972ab6b8d2316078d3f/mypy_extensions-1.0.0.tar.gz", hash = "sha256:75dbf8955dc00442a438fc4d0666508a9a97b6bd41aa2f0ffe9d2f2725af0782"},
]
"mypy-zope 0.9.1" = [
    {url = "https://files.pythonhosted.org/packages/19/22/d7d3e823cb1c79533335bc29441ecbecf208527570eb357418ac10088769/mypy-zope-0.9.1.tar.gz", hash = "sha256:4c87dbc71fec35f6533746ecdf9d400cd9281338d71c16b5676bb5ed00a97ca2"},
    {url = "https://files.pythonhosted.org/packages/44/fc/1b2cf886597e1af20b784da3729a2e4698ea165110a2f70802c86334d400/mypy_zope-0.9.1-py3-none-any.whl", hash = "sha256:733d4399affe9e61e332ce9c4049418d6775c39b473e4b9f409d51c207c1b71a"},
]
"packaging 23.1" = [
    {url = "https://files.pythonhosted.org/packages/ab/c3/57f0601a2d4fe15de7a553c00adbc901425661bf048f2a22dfc500caf121/packaging-23.1-py3-none-any.whl", hash = "sha256:994793af429502c4ea2ebf6bf664629d07c1a9fe974af92966e4b8d2df7edc61"},
    {url = "https://files.pythonhosted.org/packages/b9/6c/7c6658d258d7971c5eb0d9b69fa9265879ec9a9158031206d47800ae2213/packaging-23.1.tar.gz", hash = "sha256:a392980d2b6cffa644431898be54b0045151319d1e7ec34f0cfed48767dd334f"},
]
"pathspec 0.11.1" = [
    {url = "https://files.pythonhosted.org/packages/95/60/d93628975242cc515ab2b8f5b2fc831d8be2eff32f5a1be4776d49305d13/pathspec-0.11.1.tar.gz", hash = "sha256:2798de800fa92780e33acca925945e9a19a133b715067cf165b8866c15a31687"},
    {url = "https://files.pythonhosted.org/packages/be/c8/551a803a6ebb174ec1c124e68b449b98a0961f0b737def601e3c1fbb4cfd/pathspec-0.11.1-py3-none-any.whl", hash = "sha256:d8af70af76652554bd134c22b3e8a1cc46ed7d91edcdd721ef1a0c51a84a5293"},
]
"platformdirs 3.5.1" = [
    {url = "https://files.pythonhosted.org/packages/89/7e/c6ff9ddcf93b9b36c90d88111c4db354afab7f9a58c7ac3257fa717f1268/platformdirs-3.5.1-py3-none-any.whl", hash = "sha256:e2378146f1964972c03c085bb5662ae80b2b8c06226c54b2ff4aa9483e8a13a5"},
    {url = "https://files.pythonhosted.org/packages/9c/0e/ae9ef1049d4b5697e79250c4b2e72796e4152228e67733389868229c92bb/platformdirs-3.5.1.tar.gz", hash = "sha256:412dae91f52a6f84830f39a8078cecd0e866cb72294a5c66808e74d5e88d251f"},
]
"pycodestyle 2.10.0" = [
    {url = "https://files.pythonhosted.org/packages/06/6b/5ca0d12ef7dcf7d20dfa35287d02297f3e0f9e515da5183654c03a9636ce/pycodestyle-2.10.0.tar.gz", hash = "sha256:347187bdb476329d98f695c213d7295a846d1152ff4fe9bacb8a9590b8ee7053"},
    {url = "https://files.pythonhosted.org/packages/a2/54/001fdc0d69e8d0bb86c3423a6fa6dfada8cc26317c2635ab543e9ac411bd/pycodestyle-2.10.0-py2.py3-none-any.whl", hash = "sha256:8a4eaf0d0495c7395bdab3589ac2db602797d76207242c17d470186815706610"},
]
"pyflakes 3.0.1" = [
    {url = "https://files.pythonhosted.org/packages/af/4c/b1c7008aa7788b3e26c06c60aa18da7d3aa1f00e344aa3f18ac92768854b/pyflakes-3.0.1-py2.py3-none-any.whl", hash = "sha256:ec55bf7fe21fff7f1ad2f7da62363d749e2a470500eab1b555334b67aa1ef8cf"},
    {url = "https://files.pythonhosted.org/packages/f2/51/506ddcfab10d708e8460554cc1cf37c727a6a2cccbad8dfe57766cfce33c/pyflakes-3.0.1.tar.gz", hash = "sha256:ec8b276a6b60bd80defed25add7e439881c19e64850afd9b346283d4165fd0fd"},
]
"setuptools 67.8.0" = [
    {url = "https://files.pythonhosted.org/packages/03/20/630783571e76e5fa5f3e9f29398ca3ace377207b8196b54e0ffdf09f12c1/setuptools-67.8.0.tar.gz", hash = "sha256:62642358adc77ffa87233bc4d2354c4b2682d214048f500964dbe760ccedf102"},
    {url = "https://files.pythonhosted.org/packages/f5/2c/074ab1c5be9c7d523d8d6d69d1f46f450fe7f11713147dc9e779aa4ca4ea/setuptools-67.8.0-py3-none-any.whl", hash = "sha256:5df61bf30bb10c6f756eb19e7c9f3b473051f48db77fddbe06ff2ca307df9a6f"},
]
"six 1.16.0" = [
    {url = "https://files.pythonhosted.org/packages/71/39/171f1c67cd00715f190ba0b100d606d440a28c93c7714febeca8b79af85e/six-1.16.0.tar.gz", hash = "sha256:1e61c37477a1626458e36f7b1d82aa5c9b094fa4802892072e49de9c60c4c926"},
    {url = "https://files.pythonhosted.org/packages/d9/5a/e7c31adbe875f2abbb91bd84cf2dc52d792b5a01506781dbcf25c91daf11/six-1.16.0-py2.py3-none-any.whl", hash = "sha256:8abb2f1d86890a2dfb989f9a77cfcfd3e47c2a354b01111771326f8aa26e0254"},
]
"tomli 2.0.1" = [
    {url = "https://files.pythonhosted.org/packages/97/75/10a9ebee3fd790d20926a90a2547f0bf78f371b2f13aa822c759680ca7b9/tomli-2.0.1-py3-none-any.whl", hash = "sha256:939de3e7a6161af0c887ef91b7d41a53e7c5a1ca976325f429cb46ea9bc30ecc"},
    {url = "https://files.pythonhosted.org/packages/c0/3f/d7af728f075fb08564c5949a9c95e44352e23dee646869fa104a3b2060a3/tomli-2.0.1.tar.gz", hash = "sha256:de526c12914f0c550d15924c62d72abc48d6fe7364aa87328337a31007fe8a4f"},
]
"twisted 22.10.0" = [
    {url = "https://files.pythonhosted.org/packages/ac/63/b5540d15dfeb7388fbe12fa55a902c118fd2b324be5430cdeac0c0439489/Twisted-22.10.0-py3-none-any.whl", hash = "sha256:86c55f712cc5ab6f6d64e02503352464f0400f66d4f079096d744080afcccbd0"},
    {url = "https://files.pythonhosted.org/packages/b2/ce/cbb56597127b1d51905b0cddcc3f314cc769769efc5e9a8a67f4617f7bca/Twisted-22.10.0.tar.gz", hash = "sha256:32acbd40a94f5f46e7b42c109bfae2b302250945561783a8b7a059048f2d4d31"},
]
"twisted-iocpsupport 1.0.3" = [
    {url = "https://files.pythonhosted.org/packages/0d/96/fdedd036512f8cf2266bf4be9f54b4b1695d838c884cd7b85176ebb99fcc/twisted-iocpsupport-1.0.3.tar.gz", hash = "sha256:afb00801fdfbaccf0d0173a722626500023d4a19719ac9f129d1347a32e2fc66"},
    {url = "https://files.pythonhosted.org/packages/19/18/3d8e2bc1d99c257c84c9e2d363da7801e2c148ab57fae433e2d10f27bad9/twisted_iocpsupport-1.0.3-cp311-cp311-win32.whl", hash = "sha256:7efcdfafb377f32db90f42bd5fc5bb32cd1e3637ee936cdaf3aff4f4786ab3bf"},
    {url = "https://files.pythonhosted.org/packages/1c/8b/14f3faf3f8c9d9d4e0c03f6d4526d4a677db5b05cddea1535517faf75e99/twisted_iocpsupport-1.0.3-cp37-cp37m-win_amd64.whl", hash = "sha256:67bec1716eb8f466ef366bbf262e1467ecc9e20940111207663ac24049785bad"},
    {url = "https://files.pythonhosted.org/packages/26/b2/0f175bf40f8b3c4eb38f3f84c6f1749a34f23be29b7adc4cfd359cfd9a19/twisted_iocpsupport-1.0.3-cp38-cp38-win32.whl", hash = "sha256:98a6f16ab215f8c1446e9fc60aaed0ab7c746d566aa2f3492a23cea334e6bebb"},
    {url = "https://files.pythonhosted.org/packages/38/1a/44b3b1c7c4c2cc6754da4aa3911f5a99abb19fd153d4c514b02c2c54cee7/twisted_iocpsupport-1.0.3-cp38-cp38-win_amd64.whl", hash = "sha256:4f249d0baac836bb431d6fa0178be063a310136bc489465a831e3abd2d7acafd"},
    {url = "https://files.pythonhosted.org/packages/41/b0/a3855abf7f5cf46f8696011b9bdde6af74f028fb24f3d78ed05a2b25ccbb/twisted_iocpsupport-1.0.3-cp310-cp310-win_amd64.whl", hash = "sha256:1ea2c3fbdb739c95cc8b3355305cd593d2c9ec56d709207aa1a05d4d98671e85"},
    {url = "https://files.pythonhosted.org/packages/54/f6/ac88aabc4a4601e4afe09e0ad3e45433385c63a0ae55f47a3c7c2a9e50bf/twisted_iocpsupport-1.0.3-cp39-cp39-win32.whl", hash = "sha256:aaca8f30c3b7c80d27a33fe9fe0d0bac42b1b012ddc60f677175c30e1becc1f3"},
    {url = "https://files.pythonhosted.org/packages/5a/8c/45a9d809a9a42272efb21b4d9d2cca0a0a36114ba9bdf587799411028eab/twisted_iocpsupport-1.0.3-cp36-cp36m-win_amd64.whl", hash = "sha256:1bdccbb22199fc69fd7744d6d2dfd22d073c028c8611d994b41d2d2ad0e0f40d"},
    {url = "https://files.pythonhosted.org/packages/92/94/b585a5f309dbe6849d36641de3926332be1a74dcfcc7830058a364e80251/twisted_iocpsupport-1.0.3-cp310-cp310-win32.whl", hash = "sha256:a379ef56a576c8090889f74441bc3822ca31ac82253cc61e8d50631bcb0c26d0"},
    {url = "https://files.pythonhosted.org/packages/b1/1f/cc5064aa2c8d98ceea17e25fc6b9d1bc7875b2bbb0e68bd051e49d2757a6/twisted_iocpsupport-1.0.3-cp39-cp39-win_amd64.whl", hash = "sha256:dff43136c33665c2d117a73706aef6f7d6433e5c4560332a118fe066b16b8695"},
    {url = "https://files.pythonhosted.org/packages/c1/18/82bfd84f8d347bdb3c8f4d001ceae260b8d9da4c03b8e18d1ae01742436b/twisted_iocpsupport-1.0.3-cp37-cp37m-win32.whl", hash = "sha256:db11c80054b52dbdea44d63d5474a44c9a6531882f0e2960268b15123088641a"},
    {url = "https://files.pythonhosted.org/packages/c7/fa/a455ab376d8b8cea476404cc19fdf3264eb3dfef0c48f5a0bab77201da17/twisted_iocpsupport-1.0.3-pp37-pypy37_pp73-win_amd64.whl", hash = "sha256:8faceae553cfadc42ad791b1790e7cdecb7751102608c405217f6a26e877e0c5"},
    {url = "https://files.pythonhosted.org/packages/e2/15/f1f98f4f522d58c59a922c8d23327b06991273090f950828a1ea33f6ae60/twisted_iocpsupport-1.0.3-pp38-pypy38_pp73-win_amd64.whl", hash = "sha256:6f8c433faaad5d53d30d1da6968d5a3730df415e2efb6864847267a9b51290cd"},
    {url = "https://files.pythonhosted.org/packages/f1/e1/038b868cbad12046f37df927cf9330dc5289a3718f2750d4a7fc1e540b3d/twisted_iocpsupport-1.0.3-cp36-cp36m-win32.whl", hash = "sha256:1ddfc5fa22ec6f913464b736b3f46e642237f17ac41be47eed6fa9bd52f5d0e0"},
    {url = "https://files.pythonhosted.org/packages/f4/a6/35aca9c9b9c63b9e4e22e5664cff8eefe3b78aaec63d1840c67e2cd327ab/twisted_iocpsupport-1.0.3-cp311-cp311-win_amd64.whl", hash = "sha256:1dbfac706972bf9ec5ce1ddbc735d2ebba406ad363345df8751ffd5252aa1618"},
    {url = "https://files.pythonhosted.org/packages/f8/59/8f90b2c4403f4acd44a4121c69ed3c3b98478307438ff5982b113ac9c502/twisted_iocpsupport-1.0.3-pp39-pypy39_pp73-win_amd64.whl", hash = "sha256:3f39c41c0213a81a9ce0961e30d0d7650f371ad80f8d261007d15a2deb6d5be3"},
]
"typing-extensions 4.5.0" = [
    {url = "https://files.pythonhosted.org/packages/31/25/5abcd82372d3d4a3932e1fa8c3dbf9efac10cc7c0d16e78467460571b404/typing_extensions-4.5.0-py3-none-any.whl", hash = "sha256:fb33085c39dd998ac16d1431ebc293a8b3eedd00fd4a32de0ff79002c19511b4"},
    {url = "https://files.pythonhosted.org/packages/d3/20/06270dac7316220643c32ae61694e451c98f8caf4c8eab3aa80a2bedf0df/typing_extensions-4.5.0.tar.gz", hash = "sha256:5cb5f4a79139d699607b3ef622a1dedafa84e115ab0024e0d9c044a9479ca7cb"},
]
"win32-setctime 1.1.0" = [
    {url = "https://files.pythonhosted.org/packages/0a/e6/a7d828fef907843b2a5773ebff47fb79ac0c1c88d60c0ca9530ee941e248/win32_setctime-1.1.0-py3-none-any.whl", hash = "sha256:231db239e959c2fe7eb1d7dc129f11172354f98361c4fa2d6d2d7e278baa8aad"},
    {url = "https://files.pythonhosted.org/packages/6b/dd/f95a13d2b235a28d613ba23ebad55191514550debb968b46aab99f2e3a30/win32_setctime-1.1.0.tar.gz", hash = "sha256:15cf5750465118d6929ae4de4eb46e8edae9a5634350c01ba582df868e932cb2"},
]
"zope-event 4.6" = [
    {url = "https://files.pythonhosted.org/packages/42/49/ba8610674cad200da2f9c87b5f52fdcf18b02dd743a8a1e90726803cc42f/zope.event-4.6.tar.gz", hash = "sha256:81d98813046fc86cc4136e3698fee628a3282f9c320db18658c21749235fce80"},
    {url = "https://files.pythonhosted.org/packages/8b/a8/3ab9648dc08d2ab7543145ec174a2d982d08fb996d50d9a4d3e057da7132/zope.event-4.6-py2.py3-none-any.whl", hash = "sha256:73d9e3ef750cca14816a9c322c7250b0d7c9dbc337df5d1b807ff8d3d0b9e97c"},
]
"zope-interface 6.0" = [
    {url = "https://files.pythonhosted.org/packages/0c/76/b55fe32619f145fe81f57e22565112bc67c1856e06680b5a02eaefe88e7c/zope.interface-6.0-cp37-cp37m-manylinux_2_5_i686.manylinux1_i686.manylinux_2_17_i686.manylinux2014_i686.whl", hash = "sha256:eba51599370c87088d8882ab74f637de0c4f04a6d08a312dce49368ba9ed5c2a"},
    {url = "https://files.pythonhosted.org/packages/0f/60/05b514d6edbcae939d3b3342aad358e29b86c4d0161c77c78a5ec8255b11/zope.interface-6.0-cp37-cp37m-win_amd64.whl", hash = "sha256:042f2381118b093714081fd82c98e3b189b68db38ee7d35b63c327c470ef8373"},
    {url = "https://files.pythonhosted.org/packages/18/27/f4930daa37267aee9866e7909ce7a372f9b8e316946b838f8b22e7f5a26f/zope.interface-6.0-cp310-cp310-macosx_10_9_x86_64.whl", hash = "sha256:f299c020c6679cb389814a3b81200fe55d428012c5e76da7e722491f5d205990"},
    {url = "https://files.pythonhosted.org/packages/21/b9/c2c62c3f104493b946a0be989c967c4f9241e3f2ec79f9818a04a1ec67d5/zope.interface-6.0-cp38-cp38-manylinux_2_5_x86_64.manylinux1_x86_64.manylinux_2_17_x86_64.manylinux2014_x86_64.whl", hash = "sha256:4c3d7dfd897a588ec27e391edbe3dd320a03684457470415870254e714126b1f"},
    {url = "https://files.pythonhosted.org/packages/36/79/a99f5798a53df407554e00c1cc70ac5a900fc879853cc1a9edd7016bf2d2/zope.interface-6.0-cp310-cp310-manylinux_2_5_x86_64.manylinux1_x86_64.manylinux_2_17_x86_64.manylinux2014_x86_64.whl", hash = "sha256:48f4d38cf4b462e75fac78b6f11ad47b06b1c568eb59896db5b6ec1094eb467f"},
    {url = "https://files.pythonhosted.org/packages/36/fd/049a8484f46e235177295cf74ff61bbe54ad3c168be216a347ddea41d781/zope.interface-6.0-cp311-cp311-manylinux_2_17_aarch64.manylinux2014_aarch64.whl", hash = "sha256:fa90bac61c9dc3e1a563e5babb3fd2c0c1c80567e815442ddbe561eadc803b30"},
    {url = "https://files.pythonhosted.org/packages/47/7f/401384b5debeb9476fa1d90f45663bd100242fd6a113889a4500bd5119a7/zope.interface-6.0-cp38-cp38-macosx_11_0_arm64.whl", hash = "sha256:424d23b97fa1542d7be882eae0c0fc3d6827784105264a8169a26ce16db260d8"},
    {url = "https://files.pythonhosted.org/packages/52/a4/0542257be378de62e5c7fc092f26eba284bfb628de76ff3b5f9d152d4819/zope.interface-6.0-cp39-cp39-manylinux_2_5_x86_64.manylinux1_x86_64.manylinux_2_17_x86_64.manylinux2014_x86_64.whl", hash = "sha256:4407b1435572e3e1610797c9203ad2753666c62883b921318c5403fb7139dec2"},
    {url = "https://files.pythonhosted.org/packages/53/a0/2ddfc87a85f760bfe9fa30d30618c126341882918c5d1eb8c9c03ee50d5e/zope.interface-6.0-cp37-cp37m-manylinux_2_17_aarch64.manylinux2014_aarch64.whl", hash = "sha256:b39b8711578dcfd45fc0140993403b8a81e879ec25d53189f3faa1f006087dca"},
    {url = "https://files.pythonhosted.org/packages/70/a5/154a51b18ca94c6b1435c5dfd82f4b40d63d8ebe788dd69a8187076e793f/zope.interface-6.0-cp37-cp37m-manylinux_2_5_x86_64.manylinux1_x86_64.manylinux_2_17_x86_64.manylinux2014_x86_64.whl", hash = "sha256:6ee934f023f875ec2cfd2b05a937bd817efcc6c4c3f55c5778cbf78e58362ddc"},
    {url = "https://files.pythonhosted.org/packages/70/c1/b1e1fb48b5ad730f253cf9b1b72a662a577c46548c83750dc883f3b9cbad/zope.interface-6.0-cp38-cp38-win_amd64.whl", hash = "sha256:b3f543ae9d3408549a9900720f18c0194ac0fe810cecda2a584fd4dca2eb3bb8"},
    {url = "https://files.pythonhosted.org/packages/72/cd/344a12f170a43ed50a3041e72b0b1174c6266d930f661da3aa523a2bb862/zope.interface-6.0-cp311-cp311-manylinux_2_5_x86_64.manylinux1_x86_64.manylinux_2_17_x86_64.manylinux2014_x86_64.whl", hash = "sha256:809fe3bf1a91393abc7e92d607976bbb8586512913a79f2bf7d7ec15bd8ea518"},
    {url = "https://files.pythonhosted.org/packages/7a/62/f0d012151af1e8cc0a6c97db74b78141143425dcdf81bc7960c498e28960/zope.interface-6.0.tar.gz", hash = "sha256:aab584725afd10c710b8f1e6e208dbee2d0ad009f57d674cb9d1b3964037275d"},
    {url = "https://files.pythonhosted.org/packages/9a/01/36926f67c40b4184ee9185bdf78cb08cf5514a3456a660f9190747d111b5/zope.interface-6.0-cp39-cp39-macosx_11_0_arm64.whl", hash = "sha256:23ac41d52fd15dd8be77e3257bc51bbb82469cf7f5e9a30b75e903e21439d16c"},
    {url = "https://files.pythonhosted.org/packages/a7/98/a3eb5a2bd23d1d598f364d9bc0ca4b0b518afb855c1c305ec284f9740a75/zope.interface-6.0-cp310-cp310-win_amd64.whl", hash = "sha256:87b690bbee9876163210fd3f500ee59f5803e4a6607d1b1238833b8885ebd410"},
    {url = "https://files.pythonhosted.org/packages/ad/9c/9398e07e2c7be031727774064d8e4c3ed9cd1e4c34a72606711dad82f2f4/zope.interface-6.0-cp39-cp39-win_amd64.whl", hash = "sha256:5171eb073474a5038321409a630904fd61f12dd1856dd7e9d19cd6fe092cbbc5"},
    {url = "https://files.pythonhosted.org/packages/b0/90/2643cb2f27b1aa67013720d39751e54707c9d5a4325294ee2e1462ca555f/zope.interface-6.0-cp311-cp311-macosx_11_0_arm64.whl", hash = "sha256:af169ba897692e9cd984a81cb0f02e46dacdc07d6cf9fd5c91e81f8efaf93d52"},
    {url = "https://files.pythonhosted.org/packages/bb/21/604bdb9fda671335ed834dfc43586acf0c7e56d29d20e604673e6aeb573d/zope.interface-6.0-cp39-cp39-manylinux_2_5_i686.manylinux1_i686.manylinux_2_17_i686.manylinux2014_i686.whl", hash = "sha256:1592f68ae11e557b9ff2bc96ac8fc30b187e77c45a3c9cd876e3368c53dc5ba8"},
    {url = "https://files.pythonhosted.org/packages/c1/21/0d3fee6837ef00673a606cdf16d9c17f801edacd95729b7154e819cedd07/zope.interface-6.0-cp38-cp38-macosx_10_9_x86_64.whl", hash = "sha256:dfbbbf0809a3606046a41f8561c3eada9db811be94138f42d9135a5c47e75f6f"},
    {url = "https://files.pythonhosted.org/packages/c5/7a/47fb08505055ddb5d3319356f1cfc239906161d5a13697e4119b945a73b7/zope.interface-6.0-cp310-cp310-macosx_11_0_arm64.whl", hash = "sha256:ee4b43f35f5dc15e1fec55ccb53c130adb1d11e8ad8263d68b1284b66a04190d"},
    {url = "https://files.pythonhosted.org/packages/c8/17/0f85c781a1659323f61cada9364eeb96c6f089b4f25bbfac0fe3af3b22ee/zope.interface-6.0-cp310-cp310-manylinux_2_5_i686.manylinux1_i686.manylinux_2_17_i686.manylinux2014_i686.whl", hash = "sha256:f72f23bab1848edb7472309e9898603141644faec9fd57a823ea6b4d1c4c8995"},
    {url = "https://files.pythonhosted.org/packages/ca/de/e0042bd9dc55eed75ec39a4285ab52b93f1575eb20751720e95085a99031/zope.interface-6.0-cp38-cp38-manylinux_2_17_aarch64.manylinux2014_aarch64.whl", hash = "sha256:e538f2d4a6ffb6edfb303ce70ae7e88629ac6e5581870e66c306d9ad7b564a58"},
    {url = "https://files.pythonhosted.org/packages/ce/43/42a73ac66c9e0e53a1369238888df1001c2bbd86e8d5541d68a490c657e7/zope.interface-6.0-cp38-cp38-manylinux_2_5_i686.manylinux1_i686.manylinux_2_17_i686.manylinux2014_i686.whl", hash = "sha256:12175ca6b4db7621aedd7c30aa7cfa0a2d65ea3a0105393e05482d7a2d367446"},
    {url = "https://files.pythonhosted.org/packages/cf/57/d3ddbad0ddcdb71c9db89e781a5f91dd8f23e33d282b6dc4f7d9190f471c/zope.interface-6.0-cp311-cp311-win_amd64.whl", hash = "sha256:0ec9653825f837fbddc4e4b603d90269b501486c11800d7c761eee7ce46d1bbb"},
    {url = "https://files.pythonhosted.org/packages/e7/88/366cc0e919d1957f0353163f1ca4010092d32cdba9bfbc7728fb3c42c73e/zope.interface-6.0-cp311-cp311-manylinux_2_5_i686.manylinux1_i686.manylinux_2_17_i686.manylinux2014_i686.whl", hash = "sha256:89086c9d3490a0f265a3c4b794037a84541ff5ffa28bb9c24cc9f66566968464"},
    {url = "https://files.pythonhosted.org/packages/f4/6f/2f4d5564c5607ebd8617f77666fda1044592b06268f21f8374ece8b073ba/zope.interface-6.0-cp39-cp39-manylinux_2_17_aarch64.manylinux2014_aarch64.whl", hash = "sha256:99856d6c98a326abbcc2363827e16bd6044f70f2ef42f453c0bd5440c4ce24e5"},
    {url = "https://files.pythonhosted.org/packages/f5/df/f972781d91db629908755c6fd8e60a12d33e3a686d8939866bbca2e41662/zope.interface-6.0-cp310-cp310-manylinux_2_17_aarch64.manylinux2014_aarch64.whl", hash = "sha256:5a158846d0fca0a908c1afb281ddba88744d403f2550dc34405c3691769cdd85"},
    {url = "https://files.pythonhosted.org/packages/f6/46/d10583c874ed67386ba09630cacc9baea446f429e02cff973ce34fc6419e/zope.interface-6.0-cp37-cp37m-macosx_10_15_x86_64.whl", hash = "sha256:790c1d9d8f9c92819c31ea660cd43c3d5451df1df61e2e814a6f99cebb292788"},
    {url = "https://files.pythonhosted.org/packages/fd/6a/6eed03e05bb6974fe22ad6d3151a3c634a2479879d4e6bf7e2804fbcc668/zope.interface-6.0-cp311-cp311-macosx_10_9_x86_64.whl", hash = "sha256:f2363e5fd81afb650085c6686f2ee3706975c54f331b426800b53531191fdf28"},
    {url = "https://files.pythonhosted.org/packages/ff/09/febe6a7fffbbcfaceb098ed5371a73aca62cd0a3e1e8aea059f2d8fe5c1c/zope.interface-6.0-cp39-cp39-macosx_10_9_x86_64.whl", hash = "sha256:d0583b75f2e70ec93f100931660328965bb9ff65ae54695fb3fa0a1255daa6f2"},
]
"zope-schema 7.0.1" = [
    {url = "https://files.pythonhosted.org/packages/1d/97/517e3f5f4258bcc6491c806474a26e1a799bb99ec44ed95d22010caabc25/zope.schema-7.0.1-py3-none-any.whl", hash = "sha256:cf006c678793b00e0075ad54d55281c8785ea21e5bc1f5ec0584787719c2aab2"},
    {url = "https://files.pythonhosted.org/packages/82/67/91585500260386df145b78532de588b41470d416bc6fa1cdc1b0f7a34e68/zope.schema-7.0.1.tar.gz", hash = "sha256:ead4dbcb03354d4e410c9a3b904451eb44d90254751b1cbdedf4a61aede9fbb9"},
]
